
Microsoft Visual Studio Solution File, Format Version 12.00
# Visual Studio 15
VisualStudioVersion = 15.0.28307.136
MinimumVisualStudioVersion = 10.0.40219.1
Project("{FAE04EC0-301F-11D3-BF4B-00C04F79EFBC}") = "RandomGift", "RandomGift\RandomGift.csproj", "{5F1118B7-DC16-4E5F-AA1F-D30F52268C0A}"
EndProject
Global
	GlobalSection(SolutionConfigurationPlatforms) = preSolution
		Debug|Any CPU = Debug|Any CPU
		Release|Any CPU = Release|Any CPU
	EndGlobalSection
	GlobalSection(ProjectConfigurationPlatforms) = postSolution
		{5F1118B7-DC16-4E5F-AA1F-D30F52268C0A}.Debug|Any CPU.ActiveCfg = Debug|Any CPU
		{5F1118B7-DC16-4E5F-AA1F-D30F52268C0A}.Debug|Any CPU.Build.0 = Debug|Any CPU
		{5F1118B7-DC16-4E5F-AA1F-D30F52268C0A}.Release|Any CPU.ActiveCfg = Release|Any CPU
		{5F1118B7-DC16-4E5F-AA1F-D30F52268C0A}.Release|Any CPU.Build.0 = Release|Any CPU
	EndGlobalSection
	GlobalSection(SolutionProperties) = preSolution
		HideSolutionNode = FALSE
	EndGlobalSection
	GlobalSection(ExtensibilityGlobals) = postSolution
		SolutionGuid = {8DC12C93-6125-4605-A65E-DBB6ACCA40A5}
	EndGlobalSection
EndGlobal
